
Microsoft Visual Studio Solution File, Format Version 12.00
# Visual Studio Version 16
VisualStudioVersion = 16.0.31005.135
MinimumVisualStudioVersion = 10.0.40219.1
Project("{FAE04EC0-301F-11D3-BF4B-00C04F79EFBC}") = "DictionaryWithMutex", "DictionaryWithMutex\DictionaryWithMutex.csproj", "{05FCEA64-8181-4CE4-9F6F-A07E849C91B8}"
EndProject
Global
	GlobalSection(SolutionConfigurationPlatforms) = preSolution
		Debug|Any CPU = Debug|Any CPU
		Release|Any CPU = Release|Any CPU
	EndGlobalSection
	GlobalSection(ProjectConfigurationPlatforms) = postSolution
		{05FCEA64-8181-4CE4-9F6F-A07E849C91B8}.Debug|Any CPU.ActiveCfg = Debug|Any CPU
		{05FCEA64-8181-4CE4-9F6F-A07E849C91B8}.Debug|Any CPU.Build.0 = Debug|Any CPU
		{05FCEA64-8181-4CE4-9F6F-A07E849C91B8}.Release|Any CPU.ActiveCfg = Release|Any CPU
		{05FCEA64-8181-4CE4-9F6F-A07E849C91B8}.Release|Any CPU.Build.0 = Release|Any CPU
	EndGlobalSection
	GlobalSection(SolutionProperties) = preSolution
		HideSolutionNode = FALSE
	EndGlobalSection
	GlobalSection(ExtensibilityGlobals) = postSolution
		SolutionGuid = {0C69E160-5724-4471-A3B3-80E99680F71C}
	EndGlobalSection
EndGlobal
